# This file is automatically @generated by Cargo.
# It is not intended for manual editing.
[[package]]
name = "lazy_mut"
version = "0.1.0"
source = "registry+https://github.com/rust-lang/crates.io-index"
dependencies = [
 "libc 0.2.61 (registry+https://github.com/rust-lang/crates.io-index)",
]

[[package]]
name = "libc"
version = "0.2.61"
source = "registry+https://github.com/rust-lang/crates.io-index"

[[package]]
name = "refactor"
version = "0.1.0"
dependencies = [
 "lazy_mut 0.1.0 (registry+https://github.com/rust-lang/crates.io-index)",
 "libc 0.2.61 (registry+https://github.com/rust-lang/crates.io-index)",
]

[metadata]
"checksum lazy_mut 0.1.0 (registry+https://github.com/rust-lang/crates.io-index)" = "767a23ea51ed54e6a9cd2a6d0fe156feb4934a4d95e585b55f4585577e195a5b"
"checksum libc 0.2.61 (registry+https://github.com/rust-lang/crates.io-index)" = "c665266eb592905e8503ba3403020f4b8794d26263f412ca33171600eca9a6fa"
